// !$*UTF8*$!
{
	archiveVersion = 1;
	classes = {
	};
	objectVersion = 56;
	objects = {

/* Begin PBXBuildFile section */
		AB5C35D02E4F8F21001613EC /* TabBarScreen.swift in Sources */ = {isa = PBXBuildFile; fileRef = AB5C35CF2E4F8F21001613EC /* TabBarScreen.swift */; };
		AB5C35D42E4FFA8D001613EC /* SystemImage.swift in Sources */ = {isa = PBXBuildFile; fileRef = AB5C35D32E4FFA8D001613EC /* SystemImage.swift */; };
		AB5C35D92E4FFBCE001613EC /* ExploreScreen.swift in Sources */ = {isa = PBXBuildFile; fileRef = AB5C35D82E4FFBCE001613EC /* ExploreScreen.swift */; };
		AB5C35DB2E4FFBED001613EC /* ChatsScreen.swift in Sources */ = {isa = PBXBuildFile; fileRef = AB5C35DA2E4FFBED001613EC /* ChatsScreen.swift */; };
		AB5C35DE2E4FFC13001613EC /* ProfileScreen.swift in Sources */ = {isa = PBXBuildFile; fileRef = AB5C35DD2E4FFC13001613EC /* ProfileScreen.swift */; };
		AB5C35E12E4FFD2A001613EC /* SettingsButton.swift in Sources */ = {isa = PBXBuildFile; fileRef = AB5C35E02E4FFD2A001613EC /* SettingsButton.swift */; };
		AB5C35E52E4FFF3B001613EC /* WelcomeScreen.swift in Sources */ = {isa = PBXBuildFile; fileRef = AB5C35E42E4FFF3B001613EC /* WelcomeScreen.swift */; };
		AB9350FA2E50BAE0002B722D /* AppState.swift in Sources */ = {isa = PBXBuildFile; fileRef = AB9350F92E50BAE0002B722D /* AppState.swift */; };
		AB9350FC2E50C2D7002B722D /* OnboardingCompletedScreen.swift in Sources */ = {isa = PBXBuildFile; fileRef = AB9350FB2E50C2D7002B722D /* OnboardingCompletedScreen.swift */; };
		AB9350FE2E50C34E002B722D /* PrimaryButton.swift in Sources */ = {isa = PBXBuildFile; fileRef = AB9350FD2E50C34E002B722D /* PrimaryButton.swift */; };
		AB9351062E50C8E9002B722D /* Onboarding+Destination.swift in Sources */ = {isa = PBXBuildFile; fileRef = AB9351052E50C8E9002B722D /* Onboarding+Destination.swift */; };
		AB9351082E50CA70002B722D /* NavigationManager.swift in Sources */ = {isa = PBXBuildFile; fileRef = AB9351072E50CA70002B722D /* NavigationManager.swift */; };
		AB93510C2E50CECE002B722D /* SettingsScreen.swift in Sources */ = {isa = PBXBuildFile; fileRef = AB93510B2E50CECE002B722D /* SettingsScreen.swift */; };
		AB93510F2E50D1E1002B722D /* Settings+Destination.swift in Sources */ = {isa = PBXBuildFile; fileRef = AB93510E2E50D1E1002B722D /* Settings+Destination.swift */; };
		AB9351142E50E3C4002B722D /* ImageLoaderViewBuilder.swift in Sources */ = {isa = PBXBuildFile; fileRef = AB9351132E50E3C4002B722D /* ImageLoaderViewBuilder.swift */; };
		AB9351172E50E458002B722D /* SDWebImageSwiftUI in Frameworks */ = {isa = PBXBuildFile; productRef = AB9351162E50E458002B722D /* SDWebImageSwiftUI */; };
		AB9351192E50E987002B722D /* Constants.swift in Sources */ = {isa = PBXBuildFile; fileRef = AB9351182E50E987002B722D /* Constants.swift */; };
		AB93511B2E514BED002B722D /* OnboardingIntroScreen.swift in Sources */ = {isa = PBXBuildFile; fileRef = AB93511A2E514BED002B722D /* OnboardingIntroScreen.swift */; };
		AB9351202E520A6B002B722D /* OnboardingProfileColorScreen.swift in Sources */ = {isa = PBXBuildFile; fileRef = AB93511F2E520A6B002B722D /* OnboardingProfileColorScreen.swift */; };
		AB9351222E521594002B722D /* OnboardingManager.swift in Sources */ = {isa = PBXBuildFile; fileRef = AB9351212E521594002B722D /* OnboardingManager.swift */; };
		AB9351252E521F47002B722D /* FeatureAvatarCell.swift in Sources */ = {isa = PBXBuildFile; fileRef = AB9351242E521F47002B722D /* FeatureAvatarCell.swift */; };
		AB93512A2E522596002B722D /* DBAvatarModel.swift in Sources */ = {isa = PBXBuildFile; fileRef = AB9351292E522596002B722D /* DBAvatarModel.swift */; };
		AB93512C2E526AC9002B722D /* AvatarDescriptionHelper.swift in Sources */ = {isa = PBXBuildFile; fileRef = AB93512B2E526AC9002B722D /* AvatarDescriptionHelper.swift */; };
		AB93512E2E526BD4002B722D /* AvatarType.swift in Sources */ = {isa = PBXBuildFile; fileRef = AB93512D2E526BD4002B722D /* AvatarType.swift */; };
		AB9351302E526BE8002B722D /* AvatarAction.swift in Sources */ = {isa = PBXBuildFile; fileRef = AB93512F2E526BE8002B722D /* AvatarAction.swift */; };
		AB9351322E526BFA002B722D /* AvatarLocation.swift in Sources */ = {isa = PBXBuildFile; fileRef = AB9351312E526BFA002B722D /* AvatarLocation.swift */; };
		AB9351372E52887C002B722D /* CarouselViewBuilder.swift in Sources */ = {isa = PBXBuildFile; fileRef = AB9351362E52887C002B722D /* CarouselViewBuilder.swift */; };
		AB93513B2E536ECD002B722D /* AvatarCategoryCell.swift in Sources */ = {isa = PBXBuildFile; fileRef = AB93513A2E536ECD002B722D /* AvatarCategoryCell.swift */; };
		AB93513E2E5371E9002B722D /* GradientBackgroundStyle.swift in Sources */ = {isa = PBXBuildFile; fileRef = AB93513D2E5371E9002B722D /* GradientBackgroundStyle.swift */; };
		AB9351422E5380FC002B722D /* PopularAvatarCell.swift in Sources */ = {isa = PBXBuildFile; fileRef = AB9351412E5380FC002B722D /* PopularAvatarCell.swift */; };
		AB9351442E538402002B722D /* ListViewBuilder.swift in Sources */ = {isa = PBXBuildFile; fileRef = AB9351432E538402002B722D /* ListViewBuilder.swift */; };
		ABAE1C9A2E4F72D500CAA272 /* AIChatBotApp.swift in Sources */ = {isa = PBXBuildFile; fileRef = ABAE1C992E4F72D500CAA272 /* AIChatBotApp.swift */; };
		ABAE1C9E2E4F72D700CAA272 /* Assets.xcassets in Resources */ = {isa = PBXBuildFile; fileRef = ABAE1C9D2E4F72D700CAA272 /* Assets.xcassets */; };
		ABAE1CA12E4F72D700CAA272 /* Preview Assets.xcassets in Resources */ = {isa = PBXBuildFile; fileRef = ABAE1CA02E4F72D700CAA272 /* Preview Assets.xcassets */; };
		ABAE1CAB2E4F7E0800CAA272 /* MainAppScreen.swift in Sources */ = {isa = PBXBuildFile; fileRef = ABAE1CAA2E4F7E0800CAA272 /* MainAppScreen.swift */; };
		ABAE1CAE2E4F832600CAA272 /* AppViewBuilder.swift in Sources */ = {isa = PBXBuildFile; fileRef = ABAE1CAD2E4F832600CAA272 /* AppViewBuilder.swift */; };
/* End PBXBuildFile section */

/* Begin PBXFileReference section */
		AB5C35CF2E4F8F21001613EC /* TabBarScreen.swift */ = {isa = PBXFileReference; lastKnownFileType = sourcecode.swift; path = TabBarScreen.swift; sourceTree = "<group>"; };
		AB5C35D32E4FFA8D001613EC /* SystemImage.swift */ = {isa = PBXFileReference; lastKnownFileType = sourcecode.swift; path = SystemImage.swift; sourceTree = "<group>"; };
		AB5C35D82E4FFBCE001613EC /* ExploreScreen.swift */ = {isa = PBXFileReference; lastKnownFileType = sourcecode.swift; path = ExploreScreen.swift; sourceTree = "<group>"; };
		AB5C35DA2E4FFBED001613EC /* ChatsScreen.swift */ = {isa = PBXFileReference; lastKnownFileType = sourcecode.swift; path = ChatsScreen.swift; sourceTree = "<group>"; };
		AB5C35DD2E4FFC13001613EC /* ProfileScreen.swift */ = {isa = PBXFileReference; lastKnownFileType = sourcecode.swift; path = ProfileScreen.swift; sourceTree = "<group>"; };
		AB5C35E02E4FFD2A001613EC /* SettingsButton.swift */ = {isa = PBXFileReference; lastKnownFileType = sourcecode.swift; path = SettingsButton.swift; sourceTree = "<group>"; };
		AB5C35E42E4FFF3B001613EC /* WelcomeScreen.swift */ = {isa = PBXFileReference; lastKnownFileType = sourcecode.swift; path = WelcomeScreen.swift; sourceTree = "<group>"; };
		AB9350F92E50BAE0002B722D /* AppState.swift */ = {isa = PBXFileReference; lastKnownFileType = sourcecode.swift; path = AppState.swift; sourceTree = "<group>"; };
		AB9350FB2E50C2D7002B722D /* OnboardingCompletedScreen.swift */ = {isa = PBXFileReference; lastKnownFileType = sourcecode.swift; path = OnboardingCompletedScreen.swift; sourceTree = "<group>"; };
		AB9350FD2E50C34E002B722D /* PrimaryButton.swift */ = {isa = PBXFileReference; lastKnownFileType = sourcecode.swift; path = PrimaryButton.swift; sourceTree = "<group>"; };
		AB9351052E50C8E9002B722D /* Onboarding+Destination.swift */ = {isa = PBXFileReference; lastKnownFileType = sourcecode.swift; path = "Onboarding+Destination.swift"; sourceTree = "<group>"; };
		AB9351072E50CA70002B722D /* NavigationManager.swift */ = {isa = PBXFileReference; lastKnownFileType = sourcecode.swift; path = NavigationManager.swift; sourceTree = "<group>"; };
		AB93510B2E50CECE002B722D /* SettingsScreen.swift */ = {isa = PBXFileReference; lastKnownFileType = sourcecode.swift; path = SettingsScreen.swift; sourceTree = "<group>"; };
		AB93510E2E50D1E1002B722D /* Settings+Destination.swift */ = {isa = PBXFileReference; lastKnownFileType = sourcecode.swift; path = "Settings+Destination.swift"; sourceTree = "<group>"; };
		AB9351132E50E3C4002B722D /* ImageLoaderViewBuilder.swift */ = {isa = PBXFileReference; lastKnownFileType = sourcecode.swift; path = ImageLoaderViewBuilder.swift; sourceTree = "<group>"; };
		AB9351182E50E987002B722D /* Constants.swift */ = {isa = PBXFileReference; lastKnownFileType = sourcecode.swift; path = Constants.swift; sourceTree = "<group>"; };
		AB93511A2E514BED002B722D /* OnboardingIntroScreen.swift */ = {isa = PBXFileReference; lastKnownFileType = sourcecode.swift; path = OnboardingIntroScreen.swift; sourceTree = "<group>"; };
		AB93511F2E520A6B002B722D /* OnboardingProfileColorScreen.swift */ = {isa = PBXFileReference; lastKnownFileType = sourcecode.swift; path = OnboardingProfileColorScreen.swift; sourceTree = "<group>"; };
		AB9351212E521594002B722D /* OnboardingManager.swift */ = {isa = PBXFileReference; lastKnownFileType = sourcecode.swift; path = OnboardingManager.swift; sourceTree = "<group>"; };
		AB9351242E521F47002B722D /* FeatureAvatarCell.swift */ = {isa = PBXFileReference; lastKnownFileType = sourcecode.swift; path = FeatureAvatarCell.swift; sourceTree = "<group>"; };
		AB9351292E522596002B722D /* DBAvatarModel.swift */ = {isa = PBXFileReference; lastKnownFileType = sourcecode.swift; path = DBAvatarModel.swift; sourceTree = "<group>"; };
		AB93512B2E526AC9002B722D /* AvatarDescriptionHelper.swift */ = {isa = PBXFileReference; lastKnownFileType = sourcecode.swift; path = AvatarDescriptionHelper.swift; sourceTree = "<group>"; };
		AB93512D2E526BD4002B722D /* AvatarType.swift */ = {isa = PBXFileReference; lastKnownFileType = sourcecode.swift; path = AvatarType.swift; sourceTree = "<group>"; };
		AB93512F2E526BE8002B722D /* AvatarAction.swift */ = {isa = PBXFileReference; lastKnownFileType = sourcecode.swift; path = AvatarAction.swift; sourceTree = "<group>"; };
		AB9351312E526BFA002B722D /* AvatarLocation.swift */ = {isa = PBXFileReference; lastKnownFileType = sourcecode.swift; path = AvatarLocation.swift; sourceTree = "<group>"; };
		AB9351362E52887C002B722D /* CarouselViewBuilder.swift */ = {isa = PBXFileReference; lastKnownFileType = sourcecode.swift; path = CarouselViewBuilder.swift; sourceTree = "<group>"; };
		AB93513A2E536ECD002B722D /* AvatarCategoryCell.swift */ = {isa = PBXFileReference; lastKnownFileType = sourcecode.swift; path = AvatarCategoryCell.swift; sourceTree = "<group>"; };
		AB93513D2E5371E9002B722D /* GradientBackgroundStyle.swift */ = {isa = PBXFileReference; lastKnownFileType = sourcecode.swift; path = GradientBackgroundStyle.swift; sourceTree = "<group>"; };
		AB9351412E5380FC002B722D /* PopularAvatarCell.swift */ = {isa = PBXFileReference; lastKnownFileType = sourcecode.swift; path = PopularAvatarCell.swift; sourceTree = "<group>"; };
		AB9351432E538402002B722D /* ListViewBuilder.swift */ = {isa = PBXFileReference; lastKnownFileType = sourcecode.swift; path = ListViewBuilder.swift; sourceTree = "<group>"; };
		ABAE1C962E4F72D500CAA272 /* AIChatBot.app */ = {isa = PBXFileReference; explicitFileType = wrapper.application; includeInIndex = 0; path = AIChatBot.app; sourceTree = BUILT_PRODUCTS_DIR; };
		ABAE1C992E4F72D500CAA272 /* AIChatBotApp.swift */ = {isa = PBXFileReference; lastKnownFileType = sourcecode.swift; path = AIChatBotApp.swift; sourceTree = "<group>"; };
		ABAE1C9D2E4F72D700CAA272 /* Assets.xcassets */ = {isa = PBXFileReference; lastKnownFileType = folder.assetcatalog; path = Assets.xcassets; sourceTree = "<group>"; };
		ABAE1CA02E4F72D700CAA272 /* Preview Assets.xcassets */ = {isa = PBXFileReference; lastKnownFileType = folder.assetcatalog; path = "Preview Assets.xcassets"; sourceTree = "<group>"; };
		ABAE1CAA2E4F7E0800CAA272 /* MainAppScreen.swift */ = {isa = PBXFileReference; lastKnownFileType = sourcecode.swift; path = MainAppScreen.swift; sourceTree = "<group>"; };
		ABAE1CAD2E4F832600CAA272 /* AppViewBuilder.swift */ = {isa = PBXFileReference; lastKnownFileType = sourcecode.swift; path = AppViewBuilder.swift; sourceTree = "<group>"; };
/* End PBXFileReference section */

/* Begin PBXFrameworksBuildPhase section */
		ABAE1C932E4F72D500CAA272 /* Frameworks */ = {
			isa = PBXFrameworksBuildPhase;
			buildActionMask = 2147483647;
			files = (
				AB9351172E50E458002B722D /* SDWebImageSwiftUI in Frameworks */,
			);
			runOnlyForDeploymentPostprocessing = 0;
		};
/* End PBXFrameworksBuildPhase section */

/* Begin PBXGroup section */
		AB5C35CD2E4F8EB6001613EC /* Onboarding */ = {
			isa = PBXGroup;
			children = (
				AB9351212E521594002B722D /* OnboardingManager.swift */,
				AB9351052E50C8E9002B722D /* Onboarding+Destination.swift */,
				AB9351022E50C7EA002B722D /* Screens */,
			);
			path = Onboarding;
			sourceTree = "<group>";
		};
		AB5C35CE2E4F8EC0001613EC /* Tab Bar */ = {
			isa = PBXGroup;
			children = (
				AB5C35CF2E4F8F21001613EC /* TabBarScreen.swift */,
			);
			path = "Tab Bar";
			sourceTree = "<group>";
		};
		AB5C35D12E4F9072001613EC /* Helpers */ = {
			isa = PBXGroup;
			children = (
				AB5C35D32E4FFA8D001613EC /* SystemImage.swift */,
				AB9351072E50CA70002B722D /* NavigationManager.swift */,
				AB9351182E50E987002B722D /* Constants.swift */,
			);
			path = Helpers;
			sourceTree = "<group>";
		};
		AB5C35D52E4FFAE0001613EC /* Explore */ = {
			isa = PBXGroup;
			children = (
				AB5C35D82E4FFBCE001613EC /* ExploreScreen.swift */,
				AB9351232E521ECF002B722D /* Components */,
			);
			path = Explore;
			sourceTree = "<group>";
		};
		AB5C35D62E4FFAE5001613EC /* Chats */ = {
			isa = PBXGroup;
			children = (
				AB5C35DA2E4FFBED001613EC /* ChatsScreen.swift */,
			);
			path = Chats;
			sourceTree = "<group>";
		};
		AB5C35D72E4FFAEB001613EC /* Profile */ = {
			isa = PBXGroup;
			children = (
				AB5C35DD2E4FFC13001613EC /* ProfileScreen.swift */,
			);
			path = Profile;
			sourceTree = "<group>";
		};
		AB5C35DF2E4FFD12001613EC /* Global Components */ = {
			isa = PBXGroup;
			children = (
				AB93510D2E50D1CC002B722D /* Settings Button */,
				AB9350FD2E50C34E002B722D /* PrimaryButton.swift */,
				AB9351132E50E3C4002B722D /* ImageLoaderViewBuilder.swift */,
				AB9351362E52887C002B722D /* CarouselViewBuilder.swift */,
				AB9351432E538402002B722D /* ListViewBuilder.swift */,
			);
			path = "Global Components";
			sourceTree = "<group>";
		};
		AB9351022E50C7EA002B722D /* Screens */ = {
			isa = PBXGroup;
			children = (
				AB5C35E42E4FFF3B001613EC /* WelcomeScreen.swift */,
				AB93511A2E514BED002B722D /* OnboardingIntroScreen.swift */,
				AB93511F2E520A6B002B722D /* OnboardingProfileColorScreen.swift */,
				AB9350FB2E50C2D7002B722D /* OnboardingCompletedScreen.swift */,
			);
			path = Screens;
			sourceTree = "<group>";
		};
		AB9351092E50CE8E002B722D /* Settings */ = {
			isa = PBXGroup;
			children = (
				AB93510B2E50CECE002B722D /* SettingsScreen.swift */,
			);
			path = Settings;
			sourceTree = "<group>";
		};
		AB93510D2E50D1CC002B722D /* Settings Button */ = {
			isa = PBXGroup;
			children = (
				AB5C35E02E4FFD2A001613EC /* SettingsButton.swift */,
				AB93510E2E50D1E1002B722D /* Settings+Destination.swift */,
			);
			path = "Settings Button";
			sourceTree = "<group>";
		};
		AB9351102E50D537002B722D /* ----- Tabs ----- */ = {
			isa = PBXGroup;
			children = (
			);
			path = "----- Tabs -----";
			sourceTree = "<group>";
		};
		AB9351122E50D594002B722D /* ----- Screens ----- */ = {
			isa = PBXGroup;
			children = (
			);
			path = "----- Screens -----";
			sourceTree = "<group>";
		};
		AB9351232E521ECF002B722D /* Components */ = {
			isa = PBXGroup;
			children = (
				AB9351242E521F47002B722D /* FeatureAvatarCell.swift */,
				AB93513A2E536ECD002B722D /* AvatarCategoryCell.swift */,
				AB9351412E5380FC002B722D /* PopularAvatarCell.swift */,
			);
			path = Components;
			sourceTree = "<group>";
		};
		AB9351262E522559002B722D /* Services */ = {
			isa = PBXGroup;
			children = (
				AB9351272E522573002B722D /* Avatars */,
			);
			path = Services;
			sourceTree = "<group>";
		};
		AB9351272E522573002B722D /* Avatars */ = {
			isa = PBXGroup;
			children = (
				AB9351282E52257E002B722D /* Models */,
			);
			path = Avatars;
			sourceTree = "<group>";
		};
		AB9351282E52257E002B722D /* Models */ = {
			isa = PBXGroup;
			children = (
				AB9351292E522596002B722D /* DBAvatarModel.swift */,
				AB93512B2E526AC9002B722D /* AvatarDescriptionHelper.swift */,
				AB93512D2E526BD4002B722D /* AvatarType.swift */,
				AB93512F2E526BE8002B722D /* AvatarAction.swift */,
				AB9351312E526BFA002B722D /* AvatarLocation.swift */,
			);
			path = Models;
			sourceTree = "<group>";
		};
		AB93513C2E5371BB002B722D /* Styles */ = {
			isa = PBXGroup;
			children = (
				AB93513D2E5371E9002B722D /* GradientBackgroundStyle.swift */,
			);
			path = Styles;
			sourceTree = "<group>";
		};
		ABAE1C8D2E4F72D400CAA272 = {
			isa = PBXGroup;
			children = (
				ABAE1C982E4F72D500CAA272 /* AIChatBot */,
				ABAE1C972E4F72D500CAA272 /* Products */,
			);
			sourceTree = "<group>";
		};
		ABAE1C972E4F72D500CAA272 /* Products */ = {
			isa = PBXGroup;
			children = (
				ABAE1C962E4F72D500CAA272 /* AIChatBot.app */,
			);
			name = Products;
			sourceTree = "<group>";
		};
		ABAE1C982E4F72D500CAA272 /* AIChatBot */ = {
			isa = PBXGroup;
			children = (
				AB93513C2E5371BB002B722D /* Styles */,
				AB9351262E522559002B722D /* Services */,
				ABAE1C992E4F72D500CAA272 /* AIChatBotApp.swift */,
				ABAE1CA82E4F7DAB00CAA272 /* Core */,
				AB5C35DF2E4FFD12001613EC /* Global Components */,
				AB5C35D12E4F9072001613EC /* Helpers */,
				ABAE1C9D2E4F72D700CAA272 /* Assets.xcassets */,
				ABAE1C9F2E4F72D700CAA272 /* Preview Content */,
			);
			path = AIChatBot;
			sourceTree = "<group>";
		};
		ABAE1C9F2E4F72D700CAA272 /* Preview Content */ = {
			isa = PBXGroup;
			children = (
				ABAE1CA02E4F72D700CAA272 /* Preview Assets.xcassets */,
			);
			path = "Preview Content";
			sourceTree = "<group>";
		};
		ABAE1CA82E4F7DAB00CAA272 /* Core */ = {
			isa = PBXGroup;
			children = (
				ABAE1CA92E4F7DCE00CAA272 /* App Content */,
				AB5C35CD2E4F8EB6001613EC /* Onboarding */,
				AB5C35CE2E4F8EC0001613EC /* Tab Bar */,
				AB9351102E50D537002B722D /* ----- Tabs ----- */,
				AB5C35D62E4FFAE5001613EC /* Chats */,
				AB5C35D52E4FFAE0001613EC /* Explore */,
				AB5C35D72E4FFAEB001613EC /* Profile */,
				AB9351122E50D594002B722D /* ----- Screens ----- */,
				AB9351092E50CE8E002B722D /* Settings */,
			);
			path = Core;
			sourceTree = "<group>";
		};
		ABAE1CA92E4F7DCE00CAA272 /* App Content */ = {
			isa = PBXGroup;
			children = (
				ABAE1CAA2E4F7E0800CAA272 /* MainAppScreen.swift */,
				ABAE1CAD2E4F832600CAA272 /* AppViewBuilder.swift */,
				AB9350F92E50BAE0002B722D /* AppState.swift */,
			);
			path = "App Content";
			sourceTree = "<group>";
		};
/* End PBXGroup section */

/* Begin PBXNativeTarget section */
		ABAE1C952E4F72D500CAA272 /* AIChatBot */ = {
			isa = PBXNativeTarget;
			buildConfigurationList = ABAE1CA42E4F72D700CAA272 /* Build configuration list for PBXNativeTarget "AIChatBot" */;
			buildPhases = (
				ABAE1C922E4F72D500CAA272 /* Sources */,
				ABAE1C932E4F72D500CAA272 /* Frameworks */,
				ABAE1C942E4F72D500CAA272 /* Resources */,
				ABAE1CA72E4F78B500CAA272 /* ShellScript */,
			);
			buildRules = (
			);
			dependencies = (
			);
			name = AIChatBot;
			packageProductDependencies = (
				AB9351162E50E458002B722D /* SDWebImageSwiftUI */,
			);
			productName = AIChatBot;
			productReference = ABAE1C962E4F72D500CAA272 /* AIChatBot.app */;
			productType = "com.apple.product-type.application";
		};
/* End PBXNativeTarget section */

/* Begin PBXProject section */
		ABAE1C8E2E4F72D400CAA272 /* Project object */ = {
			isa = PBXProject;
			attributes = {
				BuildIndependentTargetsInParallel = 1;
				LastSwiftUpdateCheck = 1520;
				LastUpgradeCheck = 1520;
				TargetAttributes = {
					ABAE1C952E4F72D500CAA272 = {
						CreatedOnToolsVersion = 15.2;
					};
				};
			};
			buildConfigurationList = ABAE1C912E4F72D400CAA272 /* Build configuration list for PBXProject "AIChatBot" */;
			compatibilityVersion = "Xcode 14.0";
			developmentRegion = en;
			hasScannedForEncodings = 0;
			knownRegions = (
				en,
				Base,
			);
			mainGroup = ABAE1C8D2E4F72D400CAA272;
			packageReferences = (
				AB9351152E50E458002B722D /* XCRemoteSwiftPackageReference "SDWebImageSwiftUI" */,
			);
			productRefGroup = ABAE1C972E4F72D500CAA272 /* Products */;
			projectDirPath = "";
			projectRoot = "";
			targets = (
				ABAE1C952E4F72D500CAA272 /* AIChatBot */,
			);
		};
/* End PBXProject section */

/* Begin PBXResourcesBuildPhase section */
		ABAE1C942E4F72D500CAA272 /* Resources */ = {
			isa = PBXResourcesBuildPhase;
			buildActionMask = 2147483647;
			files = (
				ABAE1CA12E4F72D700CAA272 /* Preview Assets.xcassets in Resources */,
				ABAE1C9E2E4F72D700CAA272 /* Assets.xcassets in Resources */,
			);
			runOnlyForDeploymentPostprocessing = 0;
		};
/* End PBXResourcesBuildPhase section */

/* Begin PBXShellScriptBuildPhase section */
		ABAE1CA72E4F78B500CAA272 /* ShellScript */ = {
			isa = PBXShellScriptBuildPhase;
			alwaysOutOfDate = 1;
			buildActionMask = 2147483647;
			files = (
			);
			inputFileListPaths = (
			);
			inputPaths = (
			);
			outputFileListPaths = (
			);
			outputPaths = (
			);
			runOnlyForDeploymentPostprocessing = 0;
			shellPath = /bin/sh;
			shellScript = "# Type a script or drag a script file from your workspace to insert its path.\nif [[ -z \"$CI\" ]]; then\n    if [[ \"$(uname -m)\" == arm64 ]]; then\n        export PATH=\"/opt/homebrew/bin:$PATH\"\n    fi\n\n    # Check if running in a SwiftUI preview\n    if [ \"$XCODE_RUNNING_FOR_PREVIEWS\" != \"1\" ]; then\n        if which swiftlint > /dev/null; then\n            swiftlint # Uncomment if you want to auto-fix: swiftlint --fix &&\n        else\n            echo \"warning: SwiftLint not installed, download from https://github.com/realm/SwiftLint\"\n        fi\n    fi\nelse \n    # Running Xcode Cloud\n    echo \"Running in Xcode Cloud. Skipping SwiftLint.\"\nfi\n";
			showEnvVarsInLog = 0;
		};
/* End PBXShellScriptBuildPhase section */

/* Begin PBXSourcesBuildPhase section */
		ABAE1C922E4F72D500CAA272 /* Sources */ = {
			isa = PBXSourcesBuildPhase;
			buildActionMask = 2147483647;
			files = (
				AB93510C2E50CECE002B722D /* SettingsScreen.swift in Sources */,
				AB9351192E50E987002B722D /* Constants.swift in Sources */,
				AB9351252E521F47002B722D /* FeatureAvatarCell.swift in Sources */,
				ABAE1C9A2E4F72D500CAA272 /* AIChatBotApp.swift in Sources */,
				AB93510F2E50D1E1002B722D /* Settings+Destination.swift in Sources */,
				AB93512E2E526BD4002B722D /* AvatarType.swift in Sources */,
				AB5C35E12E4FFD2A001613EC /* SettingsButton.swift in Sources */,
				AB93512C2E526AC9002B722D /* AvatarDescriptionHelper.swift in Sources */,
				AB5C35E52E4FFF3B001613EC /* WelcomeScreen.swift in Sources */,
				AB9351222E521594002B722D /* OnboardingManager.swift in Sources */,
				AB5C35D92E4FFBCE001613EC /* ExploreScreen.swift in Sources */,
				AB5C35D02E4F8F21001613EC /* TabBarScreen.swift in Sources */,
				AB9351202E520A6B002B722D /* OnboardingProfileColorScreen.swift in Sources */,
				AB9350FE2E50C34E002B722D /* PrimaryButton.swift in Sources */,
				AB93513B2E536ECD002B722D /* AvatarCategoryCell.swift in Sources */,
				AB93512A2E522596002B722D /* DBAvatarModel.swift in Sources */,
				AB5C35DB2E4FFBED001613EC /* ChatsScreen.swift in Sources */,
				AB9350FA2E50BAE0002B722D /* AppState.swift in Sources */,
				ABAE1CAE2E4F832600CAA272 /* AppViewBuilder.swift in Sources */,
				AB9351302E526BE8002B722D /* AvatarAction.swift in Sources */,
				AB9351422E5380FC002B722D /* PopularAvatarCell.swift in Sources */,
				AB5C35D42E4FFA8D001613EC /* SystemImage.swift in Sources */,
				AB9351322E526BFA002B722D /* AvatarLocation.swift in Sources */,
				AB93513E2E5371E9002B722D /* GradientBackgroundStyle.swift in Sources */,
				AB9351442E538402002B722D /* ListViewBuilder.swift in Sources */,
				AB9351372E52887C002B722D /* CarouselViewBuilder.swift in Sources */,
				ABAE1CAB2E4F7E0800CAA272 /* MainAppScreen.swift in Sources */,
				AB9350FC2E50C2D7002B722D /* OnboardingCompletedScreen.swift in Sources */,
				AB5C35DE2E4FFC13001613EC /* ProfileScreen.swift in Sources */,
				AB9351142E50E3C4002B722D /* ImageLoaderViewBuilder.swift in Sources */,
				AB93511B2E514BED002B722D /* OnboardingIntroScreen.swift in Sources */,
				AB9351062E50C8E9002B722D /* Onboarding+Destination.swift in Sources */,
				AB9351082E50CA70002B722D /* NavigationManager.swift in Sources */,
			);
			runOnlyForDeploymentPostprocessing = 0;
		};
/* End PBXSourcesBuildPhase section */

/* Begin XCBuildConfiguration section */
		ABAE1CA22E4F72D700CAA272 /* Debug */ = {
			isa = XCBuildConfiguration;
			buildSettings = {
				ALWAYS_SEARCH_USER_PATHS = NO;
				ASSETCATALOG_COMPILER_GENERATE_SWIFT_ASSET_SYMBOL_EXTENSIONS = YES;
				CLANG_ANALYZER_NONNULL = YES;
				CLANG_ANALYZER_NUMBER_OBJECT_CONVERSION = YES_AGGRESSIVE;
				CLANG_CXX_LANGUAGE_STANDARD = "gnu++20";
				CLANG_ENABLE_MODULES = YES;
				CLANG_ENABLE_OBJC_ARC = YES;
				CLANG_ENABLE_OBJC_WEAK = YES;
				CLANG_WARN_BLOCK_CAPTURE_AUTORELEASING = YES;
				CLANG_WARN_BOOL_CONVERSION = YES;
				CLANG_WARN_COMMA = YES;
				CLANG_WARN_CONSTANT_CONVERSION = YES;
				CLANG_WARN_DEPRECATED_OBJC_IMPLEMENTATIONS = YES;
				CLANG_WARN_DIRECT_OBJC_ISA_USAGE = YES_ERROR;
				CLANG_WARN_DOCUMENTATION_COMMENTS = YES;
				CLANG_WARN_EMPTY_BODY = YES;
				CLANG_WARN_ENUM_CONVERSION = YES;
				CLANG_WARN_INFINITE_RECURSION = YES;
				CLANG_WARN_INT_CONVERSION = YES;
				CLANG_WARN_NON_LITERAL_NULL_CONVERSION = YES;
				CLANG_WARN_OBJC_IMPLICIT_RETAIN_SELF = YES;
				CLANG_WARN_OBJC_LITERAL_CONVERSION = YES;
				CLANG_WARN_OBJC_ROOT_CLASS = YES_ERROR;
				CLANG_WARN_QUOTED_INCLUDE_IN_FRAMEWORK_HEADER = YES;
				CLANG_WARN_RANGE_LOOP_ANALYSIS = YES;
				CLANG_WARN_STRICT_PROTOTYPES = YES;
				CLANG_WARN_SUSPICIOUS_MOVE = YES;
				CLANG_WARN_UNGUARDED_AVAILABILITY = YES_AGGRESSIVE;
				CLANG_WARN_UNREACHABLE_CODE = YES;
				CLANG_WARN__DUPLICATE_METHOD_MATCH = YES;
				COPY_PHASE_STRIP = NO;
				DEBUG_INFORMATION_FORMAT = dwarf;
				ENABLE_STRICT_OBJC_MSGSEND = YES;
				ENABLE_TESTABILITY = YES;
				ENABLE_USER_SCRIPT_SANDBOXING = YES;
				GCC_C_LANGUAGE_STANDARD = gnu17;
				GCC_DYNAMIC_NO_PIC = NO;
				GCC_NO_COMMON_BLOCKS = YES;
				GCC_OPTIMIZATION_LEVEL = 0;
				GCC_PREPROCESSOR_DEFINITIONS = (
					"DEBUG=1",
					"$(inherited)",
				);
				GCC_WARN_64_TO_32_BIT_CONVERSION = YES;
				GCC_WARN_ABOUT_RETURN_TYPE = YES_ERROR;
				GCC_WARN_UNDECLARED_SELECTOR = YES;
				GCC_WARN_UNINITIALIZED_AUTOS = YES_AGGRESSIVE;
				GCC_WARN_UNUSED_FUNCTION = YES;
				GCC_WARN_UNUSED_VARIABLE = YES;
				IPHONEOS_DEPLOYMENT_TARGET = 17.2;
				LOCALIZATION_PREFERS_STRING_CATALOGS = YES;
				MTL_ENABLE_DEBUG_INFO = INCLUDE_SOURCE;
				MTL_FAST_MATH = YES;
				ONLY_ACTIVE_ARCH = YES;
				SDKROOT = iphoneos;
				SWIFT_ACTIVE_COMPILATION_CONDITIONS = "DEBUG $(inherited)";
				SWIFT_OPTIMIZATION_LEVEL = "-Onone";
			};
			name = Debug;
		};
		ABAE1CA32E4F72D700CAA272 /* Release */ = {
			isa = XCBuildConfiguration;
			buildSettings = {
				ALWAYS_SEARCH_USER_PATHS = NO;
				ASSETCATALOG_COMPILER_GENERATE_SWIFT_ASSET_SYMBOL_EXTENSIONS = YES;
				CLANG_ANALYZER_NONNULL = YES;
				CLANG_ANALYZER_NUMBER_OBJECT_CONVERSION = YES_AGGRESSIVE;
				CLANG_CXX_LANGUAGE_STANDARD = "gnu++20";
				CLANG_ENABLE_MODULES = YES;
				CLANG_ENABLE_OBJC_ARC = YES;
				CLANG_ENABLE_OBJC_WEAK = YES;
				CLANG_WARN_BLOCK_CAPTURE_AUTORELEASING = YES;
				CLANG_WARN_BOOL_CONVERSION = YES;
				CLANG_WARN_COMMA = YES;
				CLANG_WARN_CONSTANT_CONVERSION = YES;
				CLANG_WARN_DEPRECATED_OBJC_IMPLEMENTATIONS = YES;
				CLANG_WARN_DIRECT_OBJC_ISA_USAGE = YES_ERROR;
				CLANG_WARN_DOCUMENTATION_COMMENTS = YES;
				CLANG_WARN_EMPTY_BODY = YES;
				CLANG_WARN_ENUM_CONVERSION = YES;
				CLANG_WARN_INFINITE_RECURSION = YES;
				CLANG_WARN_INT_CONVERSION = YES;
				CLANG_WARN_NON_LITERAL_NULL_CONVERSION = YES;
				CLANG_WARN_OBJC_IMPLICIT_RETAIN_SELF = YES;
				CLANG_WARN_OBJC_LITERAL_CONVERSION = YES;
				CLANG_WARN_OBJC_ROOT_CLASS = YES_ERROR;
				CLANG_WARN_QUOTED_INCLUDE_IN_FRAMEWORK_HEADER = YES;
				CLANG_WARN_RANGE_LOOP_ANALYSIS = YES;
				CLANG_WARN_STRICT_PROTOTYPES = YES;
				CLANG_WARN_SUSPICIOUS_MOVE = YES;
				CLANG_WARN_UNGUARDED_AVAILABILITY = YES_AGGRESSIVE;
				CLANG_WARN_UNREACHABLE_CODE = YES;
				CLANG_WARN__DUPLICATE_METHOD_MATCH = YES;
				COPY_PHASE_STRIP = NO;
				DEBUG_INFORMATION_FORMAT = "dwarf-with-dsym";
				ENABLE_NS_ASSERTIONS = NO;
				ENABLE_STRICT_OBJC_MSGSEND = YES;
				ENABLE_USER_SCRIPT_SANDBOXING = YES;
				GCC_C_LANGUAGE_STANDARD = gnu17;
				GCC_NO_COMMON_BLOCKS = YES;
				GCC_WARN_64_TO_32_BIT_CONVERSION = YES;
				GCC_WARN_ABOUT_RETURN_TYPE = YES_ERROR;
				GCC_WARN_UNDECLARED_SELECTOR = YES;
				GCC_WARN_UNINITIALIZED_AUTOS = YES_AGGRESSIVE;
				GCC_WARN_UNUSED_FUNCTION = YES;
				GCC_WARN_UNUSED_VARIABLE = YES;
				IPHONEOS_DEPLOYMENT_TARGET = 17.2;
				LOCALIZATION_PREFERS_STRING_CATALOGS = YES;
				MTL_ENABLE_DEBUG_INFO = NO;
				MTL_FAST_MATH = YES;
				SDKROOT = iphoneos;
				SWIFT_COMPILATION_MODE = wholemodule;
				VALIDATE_PRODUCT = YES;
			};
			name = Release;
		};
		ABAE1CA52E4F72D700CAA272 /* Debug */ = {
			isa = XCBuildConfiguration;
			buildSettings = {
				ASSETCATALOG_COMPILER_APPICON_NAME = AppIcon;
				ASSETCATALOG_COMPILER_GLOBAL_ACCENT_COLOR_NAME = AccentColor;
				CODE_SIGN_STYLE = Automatic;
				CURRENT_PROJECT_VERSION = 1;
				DEVELOPMENT_ASSET_PATHS = "\"AIChatBot/Preview Content\"";
				DEVELOPMENT_TEAM = 28NJ2864T2;
				ENABLE_PREVIEWS = YES;
				ENABLE_USER_SCRIPT_SANDBOXING = NO;
				GENERATE_INFOPLIST_FILE = YES;
				INFOPLIST_KEY_UIApplicationSceneManifest_Generation = YES;
				INFOPLIST_KEY_UIApplicationSupportsIndirectInputEvents = YES;
				INFOPLIST_KEY_UILaunchScreen_Generation = YES;
				INFOPLIST_KEY_UISupportedInterfaceOrientations = UIInterfaceOrientationPortrait;
				INFOPLIST_KEY_UISupportedInterfaceOrientations_iPad = "UIInterfaceOrientationLandscapeLeft UIInterfaceOrientationLandscapeRight UIInterfaceOrientationPortrait UIInterfaceOrientationPortraitUpsideDown";
				IPHONEOS_DEPLOYMENT_TARGET = 17.0;
				LD_RUNPATH_SEARCH_PATHS = (
					"$(inherited)",
					"@executable_path/Frameworks",
				);
				MARKETING_VERSION = 1.0;
				PRODUCT_BUNDLE_IDENTIFIER = "app.nandos-portfolio.AIChatBot";
				PRODUCT_NAME = "$(TARGET_NAME)";
				SUPPORTED_PLATFORMS = "iphoneos iphonesimulator";
				SUPPORTS_MACCATALYST = NO;
				SUPPORTS_MAC_DESIGNED_FOR_IPHONE_IPAD = NO;
				SUPPORTS_XR_DESIGNED_FOR_IPHONE_IPAD = NO;
				SWIFT_EMIT_LOC_STRINGS = YES;
				SWIFT_VERSION = 5.0;
				TARGETED_DEVICE_FAMILY = 1;
			};
			name = Debug;
		};
		ABAE1CA62E4F72D700CAA272 /* Release */ = {
			isa = XCBuildConfiguration;
			buildSettings = {
				ASSETCATALOG_COMPILER_APPICON_NAME = AppIcon;
				ASSETCATALOG_COMPILER_GLOBAL_ACCENT_COLOR_NAME = AccentColor;
				CODE_SIGN_STYLE = Automatic;
				CURRENT_PROJECT_VERSION = 1;
				DEVELOPMENT_ASSET_PATHS = "\"AIChatBot/Preview Content\"";
				DEVELOPMENT_TEAM = 28NJ2864T2;
				ENABLE_PREVIEWS = YES;
				ENABLE_USER_SCRIPT_SANDBOXING = NO;
				GENERATE_INFOPLIST_FILE = YES;
				INFOPLIST_KEY_UIApplicationSceneManifest_Generation = YES;
				INFOPLIST_KEY_UIApplicationSupportsIndirectInputEvents = YES;
				INFOPLIST_KEY_UILaunchScreen_Generation = YES;
				INFOPLIST_KEY_UISupportedInterfaceOrientations = UIInterfaceOrientationPortrait;
				INFOPLIST_KEY_UISupportedInterfaceOrientations_iPad = "UIInterfaceOrientationLandscapeLeft UIInterfaceOrientationLandscapeRight UIInterfaceOrientationPortrait UIInterfaceOrientationPortraitUpsideDown";
				IPHONEOS_DEPLOYMENT_TARGET = 17.0;
				LD_RUNPATH_SEARCH_PATHS = (
					"$(inherited)",
					"@executable_path/Frameworks",
				);
				MARKETING_VERSION = 1.0;
				PRODUCT_BUNDLE_IDENTIFIER = "app.nandos-portfolio.AIChatBot";
				PRODUCT_NAME = "$(TARGET_NAME)";
				SUPPORTED_PLATFORMS = "iphoneos iphonesimulator";
				SUPPORTS_MACCATALYST = NO;
				SUPPORTS_MAC_DESIGNED_FOR_IPHONE_IPAD = NO;
				SUPPORTS_XR_DESIGNED_FOR_IPHONE_IPAD = NO;
				SWIFT_EMIT_LOC_STRINGS = YES;
				SWIFT_VERSION = 5.0;
				TARGETED_DEVICE_FAMILY = 1;
			};
			name = Release;
		};
/* End XCBuildConfiguration section */

/* Begin XCConfigurationList section */
		ABAE1C912E4F72D400CAA272 /* Build configuration list for PBXProject "AIChatBot" */ = {
			isa = XCConfigurationList;
			buildConfigurations = (
				ABAE1CA22E4F72D700CAA272 /* Debug */,
				ABAE1CA32E4F72D700CAA272 /* Release */,
			);
			defaultConfigurationIsVisible = 0;
			defaultConfigurationName = Release;
		};
		ABAE1CA42E4F72D700CAA272 /* Build configuration list for PBXNativeTarget "AIChatBot" */ = {
			isa = XCConfigurationList;
			buildConfigurations = (
				ABAE1CA52E4F72D700CAA272 /* Debug */,
				ABAE1CA62E4F72D700CAA272 /* Release */,
			);
			defaultConfigurationIsVisible = 0;
			defaultConfigurationName = Release;
		};
/* End XCConfigurationList section */

/* Begin XCRemoteSwiftPackageReference section */
		AB9351152E50E458002B722D /* XCRemoteSwiftPackageReference "SDWebImageSwiftUI" */ = {
			isa = XCRemoteSwiftPackageReference;
			repositoryURL = "https://github.com/SDWebImage/SDWebImageSwiftUI.git";
			requirement = {
				kind = upToNextMajorVersion;
				minimumVersion = 3.1.3;
			};
		};
/* End XCRemoteSwiftPackageReference section */

/* Begin XCSwiftPackageProductDependency section */
		AB9351162E50E458002B722D /* SDWebImageSwiftUI */ = {
			isa = XCSwiftPackageProductDependency;
			package = AB9351152E50E458002B722D /* XCRemoteSwiftPackageReference "SDWebImageSwiftUI" */;
			productName = SDWebImageSwiftUI;
		};
/* End XCSwiftPackageProductDependency section */
	};
	rootObject = ABAE1C8E2E4F72D400CAA272 /* Project object */;
}
